
Microsoft Visual Studio Solution File, Format Version 12.00
# Visual Studio 15
VisualStudioVersion = 15.0.27428.2037
MinimumVisualStudioVersion = 10.0.40219.1
Project("{FAE04EC0-301F-11D3-BF4B-00C04F79EFBC}") = "CloudAudit.FunctionAPI", "CloudAudit.FunctionAPI\CloudAudit.FunctionAPI.csproj", "{624F47EA-E84B-4EF2-BCBF-6DD744DFA6FB}"
EndProject
Global
	GlobalSection(SolutionConfigurationPlatforms) = preSolution
		Debug|Any CPU = Debug|Any CPU
		Release|Any CPU = Release|Any CPU
	EndGlobalSection
	GlobalSection(ProjectConfigurationPlatforms) = postSolution
		{624F47EA-E84B-4EF2-BCBF-6DD744DFA6FB}.Debug|Any CPU.ActiveCfg = Debug|Any CPU
		{624F47EA-E84B-4EF2-BCBF-6DD744DFA6FB}.Debug|Any CPU.Build.0 = Debug|Any CPU
		{624F47EA-E84B-4EF2-BCBF-6DD744DFA6FB}.Release|Any CPU.ActiveCfg = Release|Any CPU
		{624F47EA-E84B-4EF2-BCBF-6DD744DFA6FB}.Release|Any CPU.Build.0 = Release|Any CPU
	EndGlobalSection
	GlobalSection(SolutionProperties) = preSolution
		HideSolutionNode = FALSE
	EndGlobalSection
	GlobalSection(ExtensibilityGlobals) = postSolution
		SolutionGuid = {A1290B71-85EA-4B72-AAE9-E869457DB45E}
	EndGlobalSection
EndGlobal
